// !$*UTF8*$!
{
	archiveVersion = 1;
	classes = {
	};
	objectVersion = 46;
	objects = {

/* Begin PBXBuildFile section */
		5213DD781B11113100FE4A9E /* main.cpp in Sources */ = {isa = PBXBuildFile; fileRef = 5213DD771B11113100FE4A9E /* main.cpp */; };
		5213DD8D1B11115600FE4A9E /* Actor.cpp in Sources */ = {isa = PBXBuildFile; fileRef = 5213DD7E1B11115600FE4A9E /* Actor.cpp */; };
		5213DD8E1B11115600FE4A9E /* Dungeon.cpp in Sources */ = {isa = PBXBuildFile; fileRef = 5213DD801B11115600FE4A9E /* Dungeon.cpp */; };
		5213DD8F1B11115600FE4A9E /* Game.cpp in Sources */ = {isa = PBXBuildFile; fileRef = 5213DD821B11115600FE4A9E /* Game.cpp */; };
		5213DD901B11115600FE4A9E /* Inventory.cpp in Sources */ = {isa = PBXBuildFile; fileRef = 5213DD851B11115600FE4A9E /* Inventory.cpp */; };
		5213DD911B11115600FE4A9E /* Player.cpp in Sources */ = {isa = PBXBuildFile; fileRef = 5213DD871B11115600FE4A9E /* Player.cpp */; };
		5213DD921B11115600FE4A9E /* utilities.cpp in Sources */ = {isa = PBXBuildFile; fileRef = 5213DD8A1B11115600FE4A9E /* utilities.cpp */; };
/* End PBXBuildFile section */

/* Begin PBXCopyFilesBuildPhase section */
		5213DD721B11113100FE4A9E /* CopyFiles */ = {
			isa = PBXCopyFilesBuildPhase;
			buildActionMask = 2147483647;
			dstPath = /usr/share/man/man1/;
			dstSubfolderSpec = 0;
			files = (
			);
			runOnlyForDeploymentPostprocessing = 1;
		};
/* End PBXCopyFilesBuildPhase section */

/* Begin PBXFileReference section */
		5213DD741B11113100FE4A9E /* MiniRogue */ = {isa = PBXFileReference; explicitFileType = "compiled.mach-o.executable"; includeInIndex = 0; path = MiniRogue; sourceTree = BUILT_PRODUCTS_DIR; };
		5213DD771B11113100FE4A9E /* main.cpp */ = {isa = PBXFileReference; lastKnownFileType = sourcecode.cpp.cpp; path = main.cpp; sourceTree = "<group>"; };
		5213DD7E1B11115600FE4A9E /* Actor.cpp */ = {isa = PBXFileReference; fileEncoding = 4; lastKnownFileType = sourcecode.cpp.cpp; path = Actor.cpp; sourceTree = "<group>"; };
		5213DD7F1B11115600FE4A9E /* Actor.h */ = {isa = PBXFileReference; fileEncoding = 4; lastKnownFileType = sourcecode.c.h; path = Actor.h; sourceTree = "<group>"; };
		5213DD801B11115600FE4A9E /* Dungeon.cpp */ = {isa = PBXFileReference; fileEncoding = 4; lastKnownFileType = sourcecode.cpp.cpp; path = Dungeon.cpp; sourceTree = "<group>"; };
		5213DD811B11115600FE4A9E /* Dungeon.h */ = {isa = PBXFileReference; fileEncoding = 4; lastKnownFileType = sourcecode.c.h; path = Dungeon.h; sourceTree = "<group>"; };
		5213DD821B11115600FE4A9E /* Game.cpp */ = {isa = PBXFileReference; fileEncoding = 4; lastKnownFileType = sourcecode.cpp.cpp; path = Game.cpp; sourceTree = "<group>"; };
		5213DD831B11115600FE4A9E /* Game.h */ = {isa = PBXFileReference; fileEncoding = 4; lastKnownFileType = sourcecode.c.h; path = Game.h; sourceTree = "<group>"; };
		5213DD841B11115600FE4A9E /* GameObject.h */ = {isa = PBXFileReference; fileEncoding = 4; lastKnownFileType = sourcecode.c.h; path = GameObject.h; sourceTree = "<group>"; };
		5213DD851B11115600FE4A9E /* Inventory.cpp */ = {isa = PBXFileReference; fileEncoding = 4; lastKnownFileType = sourcecode.cpp.cpp; path = Inventory.cpp; sourceTree = "<group>"; };
		5213DD861B11115600FE4A9E /* Inventory.h */ = {isa = PBXFileReference; fileEncoding = 4; lastKnownFileType = sourcecode.c.h; path = Inventory.h; sourceTree = "<group>"; };
		5213DD871B11115600FE4A9E /* Player.cpp */ = {isa = PBXFileReference; fileEncoding = 4; lastKnownFileType = sourcecode.cpp.cpp; path = Player.cpp; sourceTree = "<group>"; };
		5213DD881B11115600FE4A9E /* Player.h */ = {isa = PBXFileReference; fileEncoding = 4; lastKnownFileType = sourcecode.c.h; path = Player.h; sourceTree = "<group>"; };
		5213DD891B11115600FE4A9E /* Scroll.h */ = {isa = PBXFileReference; fileEncoding = 4; lastKnownFileType = sourcecode.c.h; path = Scroll.h; sourceTree = "<group>"; };
		5213DD8A1B11115600FE4A9E /* utilities.cpp */ = {isa = PBXFileReference; fileEncoding = 4; lastKnownFileType = sourcecode.cpp.cpp; path = utilities.cpp; sourceTree = "<group>"; };
		5213DD8B1B11115600FE4A9E /* utilities.h */ = {isa = PBXFileReference; fileEncoding = 4; lastKnownFileType = sourcecode.c.h; path = utilities.h; sourceTree = "<group>"; };
		5213DD8C1B11115600FE4A9E /* Weapon.h */ = {isa = PBXFileReference; fileEncoding = 4; lastKnownFileType = sourcecode.c.h; path = Weapon.h; sourceTree = "<group>"; };
/* End PBXFileReference section */

/* Begin PBXFrameworksBuildPhase section */
		5213DD711B11113100FE4A9E /* Frameworks */ = {
			isa = PBXFrameworksBuildPhase;
			buildActionMask = 2147483647;
			files = (
			);
			runOnlyForDeploymentPostprocessing = 0;
		};
/* End PBXFrameworksBuildPhase section */

/* Begin PBXGroup section */
		5213DD6B1B11113100FE4A9E = {
			isa = PBXGroup;
			children = (
				5213DD761B11113100FE4A9E /* MiniRogue */,
				5213DD751B11113100FE4A9E /* Products */,
			);
			sourceTree = "<group>";
		};
		5213DD751B11113100FE4A9E /* Products */ = {
			isa = PBXGroup;
			children = (
				5213DD741B11113100FE4A9E /* MiniRogue */,
			);
			name = Products;
			sourceTree = "<group>";
		};
		5213DD761B11113100FE4A9E /* MiniRogue */ = {
			isa = PBXGroup;
			children = (
				5213DD7E1B11115600FE4A9E /* Actor.cpp */,
				5213DD7F1B11115600FE4A9E /* Actor.h */,
				5213DD801B11115600FE4A9E /* Dungeon.cpp */,
				5213DD811B11115600FE4A9E /* Dungeon.h */,
				5213DD821B11115600FE4A9E /* Game.cpp */,
				5213DD831B11115600FE4A9E /* Game.h */,
				5213DD841B11115600FE4A9E /* GameObject.h */,
				5213DD851B11115600FE4A9E /* Inventory.cpp */,
				5213DD861B11115600FE4A9E /* Inventory.h */,
				5213DD871B11115600FE4A9E /* Player.cpp */,
				5213DD881B11115600FE4A9E /* Player.h */,
				5213DD891B11115600FE4A9E /* Scroll.h */,
				5213DD8A1B11115600FE4A9E /* utilities.cpp */,
				5213DD8B1B11115600FE4A9E /* utilities.h */,
				5213DD8C1B11115600FE4A9E /* Weapon.h */,
				5213DD771B11113100FE4A9E /* main.cpp */,
			);
			path = MiniRogue;
			sourceTree = "<group>";
		};
/* End PBXGroup section */

/* Begin PBXNativeTarget section */
		5213DD731B11113100FE4A9E /* MiniRogue */ = {
			isa = PBXNativeTarget;
			buildConfigurationList = 5213DD7B1B11113100FE4A9E /* Build configuration list for PBXNativeTarget "MiniRogue" */;
			buildPhases = (
				5213DD701B11113100FE4A9E /* Sources */,
				5213DD711B11113100FE4A9E /* Frameworks */,
				5213DD721B11113100FE4A9E /* CopyFiles */,
			);
			buildRules = (
			);
			dependencies = (
			);
			name = MiniRogue;
			productName = MiniRogue;
			productReference = 5213DD741B11113100FE4A9E /* MiniRogue */;
			productType = "com.apple.product-type.tool";
		};
/* End PBXNativeTarget section */

/* Begin PBXProject section */
		5213DD6C1B11113100FE4A9E /* Project object */ = {
			isa = PBXProject;
			attributes = {
				LastUpgradeCheck = 0630;
				ORGANIZATIONNAME = "Chenguang Liu";
				TargetAttributes = {
					5213DD731B11113100FE4A9E = {
						CreatedOnToolsVersion = 6.3.2;
					};
				};
			};
			buildConfigurationList = 5213DD6F1B11113100FE4A9E /* Build configuration list for PBXProject "MiniRogue" */;
			compatibilityVersion = "Xcode 3.2";
			developmentRegion = English;
			hasScannedForEncodings = 0;
			knownRegions = (
				en,
			);
			mainGroup = 5213DD6B1B11113100FE4A9E;
			productRefGroup = 5213DD751B11113100FE4A9E /* Products */;
			projectDirPath = "";
			projectRoot = "";
			targets = (
				5213DD731B11113100FE4A9E /* MiniRogue */,
			);
		};
/* End PBXProject section */

/* Begin PBXSourcesBuildPhase section */
		5213DD701B11113100FE4A9E /* Sources */ = {
			isa = PBXSourcesBuildPhase;
			buildActionMask = 2147483647;
			files = (
				5213DD781B11113100FE4A9E /* main.cpp in Sources */,
				5213DD8D1B11115600FE4A9E /* Actor.cpp in Sources */,
				5213DD911B11115600FE4A9E /* Player.cpp in Sources */,
				5213DD8E1B11115600FE4A9E /* Dungeon.cpp in Sources */,
				5213DD901B11115600FE4A9E /* Inventory.cpp in Sources */,
				5213DD921B11115600FE4A9E /* utilities.cpp in Sources */,
				5213DD8F1B11115600FE4A9E /* Game.cpp in Sources */,
			);
			runOnlyForDeploymentPostprocessing = 0;
		};
/* End PBXSourcesBuildPhase section */

/* Begin XCBuildConfiguration section */
		5213DD791B11113100FE4A9E /* Debug */ = {
			isa = XCBuildConfiguration;
			buildSettings = {
				ALWAYS_SEARCH_USER_PATHS = NO;
				CLANG_CXX_LANGUAGE_STANDARD = "gnu++0x";
				CLANG_CXX_LIBRARY = "libc++";
				CLANG_ENABLE_MODULES = YES;
				CLANG_ENABLE_OBJC_ARC = YES;
				CLANG_WARN_BOOL_CONVERSION = YES;
				CLANG_WARN_CONSTANT_CONVERSION = YES;
				CLANG_WARN_DIRECT_OBJC_ISA_USAGE = YES_ERROR;
				CLANG_WARN_EMPTY_BODY = YES;
				CLANG_WARN_ENUM_CONVERSION = YES;
				CLANG_WARN_INT_CONVERSION = YES;
				CLANG_WARN_OBJC_ROOT_CLASS = YES_ERROR;
				CLANG_WARN_UNREACHABLE_CODE = YES;
				CLANG_WARN__DUPLICATE_METHOD_MATCH = YES;
				COPY_PHASE_STRIP = NO;
				DEBUG_INFORMATION_FORMAT = dwarf;
				ENABLE_STRICT_OBJC_MSGSEND = YES;
				GCC_C_LANGUAGE_STANDARD = gnu99;
				GCC_DYNAMIC_NO_PIC = NO;
				GCC_NO_COMMON_BLOCKS = YES;
				GCC_OPTIMIZATION_LEVEL = 0;
				GCC_PREPROCESSOR_DEFINITIONS = (
					"DEBUG=1",
					"$(inherited)",
				);
				GCC_SYMBOLS_PRIVATE_EXTERN = NO;
				GCC_WARN_64_TO_32_BIT_CONVERSION = YES;
				GCC_WARN_ABOUT_RETURN_TYPE = YES_ERROR;
				GCC_WARN_UNDECLARED_SELECTOR = YES;
				GCC_WARN_UNINITIALIZED_AUTOS = YES_AGGRESSIVE;
				GCC_WARN_UNUSED_FUNCTION = YES;
				GCC_WARN_UNUSED_VARIABLE = YES;
				MACOSX_DEPLOYMENT_TARGET = 10.10;
				MTL_ENABLE_DEBUG_INFO = YES;
				ONLY_ACTIVE_ARCH = YES;
				SDKROOT = macosx;
			};
			name = Debug;
		};
		5213DD7A1B11113100FE4A9E /* Release */ = {
			isa = XCBuildConfiguration;
			buildSettings = {
				ALWAYS_SEARCH_USER_PATHS = NO;
				CLANG_CXX_LANGUAGE_STANDARD = "gnu++0x";
				CLANG_CXX_LIBRARY = "libc++";
				CLANG_ENABLE_MODULES = YES;
				CLANG_ENABLE_OBJC_ARC = YES;
				CLANG_WARN_BOOL_CONVERSION = YES;
				CLANG_WARN_CONSTANT_CONVERSION = YES;
				CLANG_WARN_DIRECT_OBJC_ISA_USAGE = YES_ERROR;
				CLANG_WARN_EMPTY_BODY = YES;
				CLANG_WARN_ENUM_CONVERSION = YES;
				CLANG_WARN_INT_CONVERSION = YES;
				CLANG_WARN_OBJC_ROOT_CLASS = YES_ERROR;
				CLANG_WARN_UNREACHABLE_CODE = YES;
				CLANG_WARN__DUPLICATE_METHOD_MATCH = YES;
				COPY_PHASE_STRIP = NO;
				DEBUG_INFORMATION_FORMAT = "dwarf-with-dsym";
				ENABLE_NS_ASSERTIONS = NO;
				ENABLE_STRICT_OBJC_MSGSEND = YES;
				GCC_C_LANGUAGE_STANDARD = gnu99;
				GCC_NO_COMMON_BLOCKS = YES;
				GCC_WARN_64_TO_32_BIT_CONVERSION = YES;
				GCC_WARN_ABOUT_RETURN_TYPE = YES_ERROR;
				GCC_WARN_UNDECLARED_SELECTOR = YES;
				GCC_WARN_UNINITIALIZED_AUTOS = YES_AGGRESSIVE;
				GCC_WARN_UNUSED_FUNCTION = YES;
				GCC_WARN_UNUSED_VARIABLE = YES;
				MACOSX_DEPLOYMENT_TARGET = 10.10;
				MTL_ENABLE_DEBUG_INFO = NO;
				SDKROOT = macosx;
			};
			name = Release;
		};
		5213DD7C1B11113100FE4A9E /* Debug */ = {
			isa = XCBuildConfiguration;
			buildSettings = {
				PRODUCT_NAME = "$(TARGET_NAME)";
			};
			name = Debug;
		};
		5213DD7D1B11113100FE4A9E /* Release */ = {
			isa = XCBuildConfiguration;
			buildSettings = {
				PRODUCT_NAME = "$(TARGET_NAME)";
			};
			name = Release;
		};
/* End XCBuildConfiguration section */

/* Begin XCConfigurationList section */
		5213DD6F1B11113100FE4A9E /* Build configuration list for PBXProject "MiniRogue" */ = {
			isa = XCConfigurationList;
			buildConfigurations = (
				5213DD791B11113100FE4A9E /* Debug */,
				5213DD7A1B11113100FE4A9E /* Release */,
			);
			defaultConfigurationIsVisible = 0;
			defaultConfigurationName = Release;
		};
		5213DD7B1B11113100FE4A9E /* Build configuration list for PBXNativeTarget "MiniRogue" */ = {
			isa = XCConfigurationList;
			buildConfigurations = (
				5213DD7C1B11113100FE4A9E /* Debug */,
				5213DD7D1B11113100FE4A9E /* Release */,
			);
			defaultConfigurationIsVisible = 0;
		};
/* End XCConfigurationList section */
	};
	rootObject = 5213DD6C1B11113100FE4A9E /* Project object */;
}
